// !$*UTF8*$!
{
	archiveVersion = 1;
	classes = {
	};
	objectVersion = 50;
	objects = {

/* Begin PBXBuildFile section */
		63F2F686246D289E00DE7938 /* AppDelegate.m in Sources */ = {isa = PBXBuildFile; fileRef = 63F2F685246D289E00DE7938 /* AppDelegate.m */; };
		63F2F689246D289E00DE7938 /* SceneDelegate.m in Sources */ = {isa = PBXBuildFile; fileRef = 63F2F688246D289E00DE7938 /* SceneDelegate.m */; };
		63F2F68C246D289E00DE7938 /* ViewController.m in Sources */ = {isa = PBXBuildFile; fileRef = 63F2F68B246D289E00DE7938 /* ViewController.m */; };
		63F2F68F246D289E00DE7938 /* Main.storyboard in Resources */ = {isa = PBXBuildFile; fileRef = 63F2F68D246D289E00DE7938 /* Main.storyboard */; };
		63F2F691246D28A200DE7938 /* Assets.xcassets in Resources */ = {isa = PBXBuildFile; fileRef = 63F2F690246D28A200DE7938 /* Assets.xcassets */; };
		63F2F694246D28A200DE7938 /* LaunchScreen.storyboard in Resources */ = {isa = PBXBuildFile; fileRef = 63F2F692246D28A200DE7938 /* LaunchScreen.storyboard */; };
		63F2F697246D28A200DE7938 /* main.m in Sources */ = {isa = PBXBuildFile; fileRef = 63F2F696246D28A200DE7938 /* main.m */; };
		63F2F69F246D2D5B00DE7938 /* LTModel.m in Sources */ = {isa = PBXBuildFile; fileRef = 63F2F69E246D2D5B00DE7938 /* LTModel.m */; };
/* End PBXBuildFile section */

/* Begin PBXFileReference section */
		63F2F681246D289E00DE7938 /* LTAdShow.app */ = {isa = PBXFileReference; explicitFileType = wrapper.application; includeInIndex = 0; path = LTAdShow.app; sourceTree = BUILT_PRODUCTS_DIR; };
		63F2F684246D289E00DE7938 /* AppDelegate.h */ = {isa = PBXFileReference; lastKnownFileType = sourcecode.c.h; path = AppDelegate.h; sourceTree = "<group>"; };
		63F2F685246D289E00DE7938 /* AppDelegate.m */ = {isa = PBXFileReference; lastKnownFileType = sourcecode.c.objc; path = AppDelegate.m; sourceTree = "<group>"; };
		63F2F687246D289E00DE7938 /* SceneDelegate.h */ = {isa = PBXFileReference; lastKnownFileType = sourcecode.c.h; path = SceneDelegate.h; sourceTree = "<group>"; };
		63F2F688246D289E00DE7938 /* SceneDelegate.m */ = {isa = PBXFileReference; lastKnownFileType = sourcecode.c.objc; path = SceneDelegate.m; sourceTree = "<group>"; };
		63F2F68A246D289E00DE7938 /* ViewController.h */ = {isa = PBXFileReference; lastKnownFileType = sourcecode.c.h; path = ViewController.h; sourceTree = "<group>"; };
		63F2F68B246D289E00DE7938 /* ViewController.m */ = {isa = PBXFileReference; lastKnownFileType = sourcecode.c.objc; path = ViewController.m; sourceTree = "<group>"; };
		63F2F68E246D289E00DE7938 /* Base */ = {isa = PBXFileReference; lastKnownFileType = file.storyboard; name = Base; path = Base.lproj/Main.storyboard; sourceTree = "<group>"; };
		63F2F690246D28A200DE7938 /* Assets.xcassets */ = {isa = PBXFileReference; lastKnownFileType = folder.assetcatalog; path = Assets.xcassets; sourceTree = "<group>"; };
		63F2F693246D28A200DE7938 /* Base */ = {isa = PBXFileReference; lastKnownFileType = file.storyboard; name = Base; path = Base.lproj/LaunchScreen.storyboard; sourceTree = "<group>"; };
		63F2F695246D28A200DE7938 /* Info.plist */ = {isa = PBXFileReference; lastKnownFileType = text.plist.xml; path = Info.plist; sourceTree = "<group>"; };
		63F2F696246D28A200DE7938 /* main.m */ = {isa = PBXFileReference; lastKnownFileType = sourcecode.c.objc; path = main.m; sourceTree = "<group>"; };
		63F2F69D246D2D5B00DE7938 /* LTModel.h */ = {isa = PBXFileReference; lastKnownFileType = sourcecode.c.h; path = LTModel.h; sourceTree = "<group>"; };
		63F2F69E246D2D5B00DE7938 /* LTModel.m */ = {isa = PBXFileReference; lastKnownFileType = sourcecode.c.objc; path = LTModel.m; sourceTree = "<group>"; };
/* End PBXFileReference section */

/* Begin PBXFrameworksBuildPhase section */
		63F2F67E246D289E00DE7938 /* Frameworks */ = {
			isa = PBXFrameworksBuildPhase;
			buildActionMask = 2147483647;
			files = (
			);
			runOnlyForDeploymentPostprocessing = 0;
		};
/* End PBXFrameworksBuildPhase section */

/* Begin PBXGroup section */
		63F2F678246D289E00DE7938 = {
			isa = PBXGroup;
			children = (
				63F2F683246D289E00DE7938 /* LTAdShow */,
				63F2F682246D289E00DE7938 /* Products */,
			);
			sourceTree = "<group>";
		};
		63F2F682246D289E00DE7938 /* Products */ = {
			isa = PBXGroup;
			children = (
				63F2F681246D289E00DE7938 /* LTAdShow.app */,
			);
			name = Products;
			sourceTree = "<group>";
		};
		63F2F683246D289E00DE7938 /* LTAdShow */ = {
			isa = PBXGroup;
			children = (
				63F2F684246D289E00DE7938 /* AppDelegate.h */,
				63F2F685246D289E00DE7938 /* AppDelegate.m */,
				63F2F687246D289E00DE7938 /* SceneDelegate.h */,
				63F2F688246D289E00DE7938 /* SceneDelegate.m */,
				63F2F68A246D289E00DE7938 /* ViewController.h */,
				63F2F68B246D289E00DE7938 /* ViewController.m */,
				63F2F68D246D289E00DE7938 /* Main.storyboard */,
				63F2F690246D28A200DE7938 /* Assets.xcassets */,
				63F2F692246D28A200DE7938 /* LaunchScreen.storyboard */,
				63F2F695246D28A200DE7938 /* Info.plist */,
				63F2F696246D28A200DE7938 /* main.m */,
				63F2F69D246D2D5B00DE7938 /* LTModel.h */,
				63F2F69E246D2D5B00DE7938 /* LTModel.m */,
			);
			path = LTAdShow;
			sourceTree = "<group>";
		};
/* End PBXGroup section */

/* Begin PBXNativeTarget section */
		63F2F680246D289E00DE7938 /* LTAdShow */ = {
			isa = PBXNativeTarget;
			buildConfigurationList = 63F2F69A246D28A200DE7938 /* Build configuration list for PBXNativeTarget "LTAdShow" */;
			buildPhases = (
				63F2F67D246D289E00DE7938 /* Sources */,
				63F2F67E246D289E00DE7938 /* Frameworks */,
				63F2F67F246D289E00DE7938 /* Resources */,
			);
			buildRules = (
			);
			dependencies = (
			);
			name = LTAdShow;
			productName = LTAdShow;
			productReference = 63F2F681246D289E00DE7938 /* LTAdShow.app */;
			productType = "com.apple.product-type.application";
		};
/* End PBXNativeTarget section */

/* Begin PBXProject section */
		63F2F679246D289E00DE7938 /* Project object */ = {
			isa = PBXProject;
			attributes = {
				LastUpgradeCheck = 1140;
				ORGANIZATIONNAME = tina.liu;
				TargetAttributes = {
					63F2F680246D289E00DE7938 = {
						CreatedOnToolsVersion = 11.4;
					};
				};
			};
			buildConfigurationList = 63F2F67C246D289E00DE7938 /* Build configuration list for PBXProject "LTAdShow" */;
			compatibilityVersion = "Xcode 9.3";
			developmentRegion = en;
			hasScannedForEncodings = 0;
			knownRegions = (
				en,
				Base,
			);
			mainGroup = 63F2F678246D289E00DE7938;
			productRefGroup = 63F2F682246D289E00DE7938 /* Products */;
			projectDirPath = "";
			projectRoot = "";
			targets = (
				63F2F680246D289E00DE7938 /* LTAdShow */,
			);
		};
/* End PBXProject section */

/* Begin PBXResourcesBuildPhase section */
		63F2F67F246D289E00DE7938 /* Resources */ = {
			isa = PBXResourcesBuildPhase;
			buildActionMask = 2147483647;
			files = (
				63F2F694246D28A200DE7938 /* LaunchScreen.storyboard in Resources */,
				63F2F691246D28A200DE7938 /* Assets.xcassets in Resources */,
				63F2F68F246D289E00DE7938 /* Main.storyboard in Resources */,
			);
			runOnlyForDeploymentPostprocessing = 0;
		};
/* End PBXResourcesBuildPhase section */

/* Begin PBXSourcesBuildPhase section */
		63F2F67D246D289E00DE7938 /* Sources */ = {
			isa = PBXSourcesBuildPhase;
			buildActionMask = 2147483647;
			files = (
				63F2F69F246D2D5B00DE7938 /* LTModel.m in Sources */,
				63F2F68C246D289E00DE7938 /* ViewController.m in Sources */,
				63F2F686246D289E00DE7938 /* AppDelegate.m in Sources */,
				63F2F697246D28A200DE7938 /* main.m in Sources */,
				63F2F689246D289E00DE7938 /* SceneDelegate.m in Sources */,
			);
			runOnlyForDeploymentPostprocessing = 0;
		};
/* End PBXSourcesBuildPhase section */

/* Begin PBXVariantGroup section */
		63F2F68D246D289E00DE7938 /* Main.storyboard */ = {
			isa = PBXVariantGroup;
			children = (
				63F2F68E246D289E00DE7938 /* Base */,
			);
			name = Main.storyboard;
			sourceTree = "<group>";
		};
		63F2F692246D28A200DE7938 /* LaunchScreen.storyboard */ = {
			isa = PBXVariantGroup;
			children = (
				63F2F693246D28A200DE7938 /* Base */,
			);
			name = LaunchScreen.storyboard;
			sourceTree = "<group>";
		};
/* End PBXVariantGroup section */

/* Begin XCBuildConfiguration section */
		63F2F698246D28A200DE7938 /* Debug */ = {
			isa = XCBuildConfiguration;
			buildSettings = {
				ALWAYS_SEARCH_USER_PATHS = NO;
				CLANG_ANALYZER_NONNULL = YES;
				CLANG_ANALYZER_NUMBER_OBJECT_CONVERSION = YES_AGGRESSIVE;
				CLANG_CXX_LANGUAGE_STANDARD = "gnu++14";
				CLANG_CXX_LIBRARY = "libc++";
				CLANG_ENABLE_MODULES = YES;
				CLANG_ENABLE_OBJC_ARC = YES;
				CLANG_ENABLE_OBJC_WEAK = YES;
				CLANG_WARN_BLOCK_CAPTURE_AUTORELEASING = YES;
				CLANG_WARN_BOOL_CONVERSION = YES;
				CLANG_WARN_COMMA = YES;
				CLANG_WARN_CONSTANT_CONVERSION = YES;
				CLANG_WARN_DEPRECATED_OBJC_IMPLEMENTATIONS = YES;
				CLANG_WARN_DIRECT_OBJC_ISA_USAGE = YES_ERROR;
				CLANG_WARN_DOCUMENTATION_COMMENTS = YES;
				CLANG_WARN_EMPTY_BODY = YES;
				CLANG_WARN_ENUM_CONVERSION = YES;
				CLANG_WARN_INFINITE_RECURSION = YES;
				CLANG_WARN_INT_CONVERSION = YES;
				CLANG_WARN_NON_LITERAL_NULL_CONVERSION = YES;
				CLANG_WARN_OBJC_IMPLICIT_RETAIN_SELF = YES;
				CLANG_WARN_OBJC_LITERAL_CONVERSION = YES;
				CLANG_WARN_OBJC_ROOT_CLASS = YES_ERROR;
				CLANG_WARN_RANGE_LOOP_ANALYSIS = YES;
				CLANG_WARN_STRICT_PROTOTYPES = YES;
				CLANG_WARN_SUSPICIOUS_MOVE = YES;
				CLANG_WARN_UNGUARDED_AVAILABILITY = YES_AGGRESSIVE;
				CLANG_WARN_UNREACHABLE_CODE = YES;
				CLANG_WARN__DUPLICATE_METHOD_MATCH = YES;
				COPY_PHASE_STRIP = NO;
				DEBUG_INFORMATION_FORMAT = dwarf;
				ENABLE_STRICT_OBJC_MSGSEND = YES;
				ENABLE_TESTABILITY = YES;
				GCC_C_LANGUAGE_STANDARD = gnu11;
				GCC_DYNAMIC_NO_PIC = NO;
				GCC_NO_COMMON_BLOCKS = YES;
				GCC_OPTIMIZATION_LEVEL = 0;
				GCC_PREPROCESSOR_DEFINITIONS = (
					"DEBUG=1",
					"$(inherited)",
				);
				GCC_WARN_64_TO_32_BIT_CONVERSION = YES;
				GCC_WARN_ABOUT_RETURN_TYPE = YES_ERROR;
				GCC_WARN_UNDECLARED_SELECTOR = YES;
				GCC_WARN_UNINITIALIZED_AUTOS = YES_AGGRESSIVE;
				GCC_WARN_UNUSED_FUNCTION = YES;
				GCC_WARN_UNUSED_VARIABLE = YES;
				IPHONEOS_DEPLOYMENT_TARGET = 13.4;
				MTL_ENABLE_DEBUG_INFO = INCLUDE_SOURCE;
				MTL_FAST_MATH = YES;
				ONLY_ACTIVE_ARCH = YES;
				SDKROOT = iphoneos;
			};
			name = Debug;
		};
		63F2F699246D28A200DE7938 /* Release */ = {
			isa = XCBuildConfiguration;
			buildSettings = {
				ALWAYS_SEARCH_USER_PATHS = NO;
				CLANG_ANALYZER_NONNULL = YES;
				CLANG_ANALYZER_NUMBER_OBJECT_CONVERSION = YES_AGGRESSIVE;
				CLANG_CXX_LANGUAGE_STANDARD = "gnu++14";
				CLANG_CXX_LIBRARY = "libc++";
				CLANG_ENABLE_MODULES = YES;
				CLANG_ENABLE_OBJC_ARC = YES;
				CLANG_ENABLE_OBJC_WEAK = YES;
				CLANG_WARN_BLOCK_CAPTURE_AUTORELEASING = YES;
				CLANG_WARN_BOOL_CONVERSION = YES;
				CLANG_WARN_COMMA = YES;
				CLANG_WARN_CONSTANT_CONVERSION = YES;
				CLANG_WARN_DEPRECATED_OBJC_IMPLEMENTATIONS = YES;
				CLANG_WARN_DIRECT_OBJC_ISA_USAGE = YES_ERROR;
				CLANG_WARN_DOCUMENTATION_COMMENTS = YES;
				CLANG_WARN_EMPTY_BODY = YES;
				CLANG_WARN_ENUM_CONVERSION = YES;
				CLANG_WARN_INFINITE_RECURSION = YES;
				CLANG_WARN_INT_CONVERSION = YES;
				CLANG_WARN_NON_LITERAL_NULL_CONVERSION = YES;
				CLANG_WARN_OBJC_IMPLICIT_RETAIN_SELF = YES;
				CLANG_WARN_OBJC_LITERAL_CONVERSION = YES;
				CLANG_WARN_OBJC_ROOT_CLASS = YES_ERROR;
				CLANG_WARN_RANGE_LOOP_ANALYSIS = YES;
				CLANG_WARN_STRICT_PROTOTYPES = YES;
				CLANG_WARN_SUSPICIOUS_MOVE = YES;
				CLANG_WARN_UNGUARDED_AVAILABILITY = YES_AGGRESSIVE;
				CLANG_WARN_UNREACHABLE_CODE = YES;
				CLANG_WARN__DUPLICATE_METHOD_MATCH = YES;
				COPY_PHASE_STRIP = NO;
				DEBUG_INFORMATION_FORMAT = "dwarf-with-dsym";
				ENABLE_NS_ASSERTIONS = NO;
				ENABLE_STRICT_OBJC_MSGSEND = YES;
				GCC_C_LANGUAGE_STANDARD = gnu11;
				GCC_NO_COMMON_BLOCKS = YES;
				GCC_WARN_64_TO_32_BIT_CONVERSION = YES;
				GCC_WARN_ABOUT_RETURN_TYPE = YES_ERROR;
				GCC_WARN_UNDECLARED_SELECTOR = YES;
				GCC_WARN_UNINITIALIZED_AUTOS = YES_AGGRESSIVE;
				GCC_WARN_UNUSED_FUNCTION = YES;
				GCC_WARN_UNUSED_VARIABLE = YES;
				IPHONEOS_DEPLOYMENT_TARGET = 13.4;
				MTL_ENABLE_DEBUG_INFO = NO;
				MTL_FAST_MATH = YES;
				SDKROOT = iphoneos;
				VALIDATE_PRODUCT = YES;
			};
			name = Release;
		};
		63F2F69B246D28A200DE7938 /* Debug */ = {
			isa = XCBuildConfiguration;
			buildSettings = {
				ASSETCATALOG_COMPILER_APPICON_NAME = AppIcon;
				CODE_SIGN_STYLE = Automatic;
				INFOPLIST_FILE = LTAdShow/Info.plist;
				LD_RUNPATH_SEARCH_PATHS = (
					"$(inherited)",
					"@executable_path/Frameworks",
				);
				PRODUCT_BUNDLE_IDENTIFIER = com.inmobi.LTAdShow;
				PRODUCT_NAME = "$(TARGET_NAME)";
				TARGETED_DEVICE_FAMILY = "1,2";
			};
			name = Debug;
		};
		63F2F69C246D28A200DE7938 /* Release */ = {
			isa = XCBuildConfiguration;
			buildSettings = {
				ASSETCATALOG_COMPILER_APPICON_NAME = AppIcon;
				CODE_SIGN_STYLE = Automatic;
				INFOPLIST_FILE = LTAdShow/Info.plist;
				LD_RUNPATH_SEARCH_PATHS = (
					"$(inherited)",
					"@executable_path/Frameworks",
				);
				PRODUCT_BUNDLE_IDENTIFIER = com.inmobi.LTAdShow;
				PRODUCT_NAME = "$(TARGET_NAME)";
				TARGETED_DEVICE_FAMILY = "1,2";
			};
			name = Release;
		};
/* End XCBuildConfiguration section */

/* Begin XCConfigurationList section */
		63F2F67C246D289E00DE7938 /* Build configuration list for PBXProject "LTAdShow" */ = {
			isa = XCConfigurationList;
			buildConfigurations = (
				63F2F698246D28A200DE7938 /* Debug */,
				63F2F699246D28A200DE7938 /* Release */,
			);
			defaultConfigurationIsVisible = 0;
			defaultConfigurationName = Release;
		};
		63F2F69A246D28A200DE7938 /* Build configuration list for PBXNativeTarget "LTAdShow" */ = {
			isa = XCConfigurationList;
			buildConfigurations = (
				63F2F69B246D28A200DE7938 /* Debug */,
				63F2F69C246D28A200DE7938 /* Release */,
			);
			defaultConfigurationIsVisible = 0;
			defaultConfigurationName = Release;
		};
/* End XCConfigurationList section */
	};
	rootObject = 63F2F679246D289E00DE7938 /* Project object */;
}
